{
    "_readme": [
        "This file locks the dependencies of your project to a known state",
        "Read more about it at https://getcomposer.org/doc/01-basic-usage.md#composer-lock-the-lock-file",
        "This file is @generated automatically"
    ],
    "content-hash": "c0c43bc90704ab0353097ae3b5a1afa5",
    "packages": [
        {
            "name": "activecollab/etcd",
            "version": "1.0.4",
            "source": {
                "type": "git",
                "url": "https://github.com/activecollab/etcd.git",
                "reference": "8304a8d57350d913b0bdd259e97a731c42152bfb"
            },
            "dist": {
                "type": "zip",
                "url": "https://files.phpcomposer.com/files/activecollab/etcd/8304a8d57350d913b0bdd259e97a731c42152bfb.zip",
                "reference": "8304a8d57350d913b0bdd259e97a731c42152bfb",
                "shasum": ""
            },
            "require": {
                "ext-curl": "*",
                "php": ">=5.6.0"
            },
            "require-dev": {
                "phpunit/phpunit": "~5.0"
            },
            "type": "library",
            "autoload": {
                "psr-4": {
                    "ActiveCollab\\Etcd\\": "src",
                    "ActiveCollab\\Etcd\\Test\\": "test/src"
                }
            },
            "notification-url": "https://packagist.org/downloads/",
            "license": [
                "MIT"
            ],
            "authors": [
                {
                    "name": "Ilija Studen",
                    "email": "ilija.studen@activecollab.com"
                },
                {
                    "name": "Cong Peijun",
                    "email": "p.cong@linkorb.com"
                }
            ],
            "description": "etcd client with minimal dependencies",
            "homepage": "https://labs.activecollab.com",
            "keywords": [
                "client",
                "configuration",
                "etcd"
            ],
            "abandoned": true,
            "time": "2016-01-09T13:45:46+00:00"
        }
    ],
    "packages-dev": [],
    "aliases": [],
    "minimum-stability": "stable",
    "stability-flags": [],
    "prefer-stable": false,
    "prefer-lowest": false,
    "platform": [],
    "platform-dev": []
}
